PODS:
  - Flutter (1.0.0)
  - sber_auth_sdk_flutter (0.0.5):
    - Flutter
    - SberIdSDK (= 2.3.0)
  - SberIdSDK (2.3.0):
    - YandexMobileMetrica/Dynamic/Core (= 4.4.0)
  - YandexMobileMetrica/Dynamic/Core (4.4.0)

DEPENDENCIES:
  - Flutter (from `Flutter`)
  - sber_auth_sdk_flutter (from `.symlinks/plugins/sber_auth_sdk_flutter/ios`)

SPEC REPOS:
  trunk:
    - SberIdSDK
    - YandexMobileMetrica

EXTERNAL SOURCES:
  Flutter:
    :path: Flutter
  sber_auth_sdk_flutter:
    :path: ".symlinks/plugins/sber_auth_sdk_flutter/ios"

SPEC CHECKSUMS:
  Flutter: f04841e97a9d0b0a8025694d0796dd46242b2854
  sber_auth_sdk_flutter: 8b8de2434a07d873312f7f2dbf9c42aad805f2d0
  SberIdSDK: bb3080cd677f395be60e35a6a258a79bf1ad4269
  YandexMobileMetrica: baf7cea47cb87fc9af963c4f747ce8dd7df3d7c0

PODFILE CHECKSUM: b58ac70cf53b87a63f97eff8ce3439610d14db80

COCOAPODS: 1.11.3
